// !$*UTF8*$!
{
	archiveVersion = 1;
	classes = {
	};
	objectVersion = 50;
	objects = {

/* Begin PBXBuildFile section */
		AF4F8172265BD5AB00D1E93A /* AppDelegate.swift in Sources */ = {isa = PBXBuildFile; fileRef = AF4F8171265BD5AB00D1E93A /* AppDelegate.swift */; };
		AF4F8174265BD5AB00D1E93A /* SceneDelegate.swift in Sources */ = {isa = PBXBuildFile; fileRef = AF4F8173265BD5AB00D1E93A /* SceneDelegate.swift */; };
		AF4F8176265BD5AB00D1E93A /* ViewController.swift in Sources */ = {isa = PBXBuildFile; fileRef = AF4F8175265BD5AB00D1E93A /* ViewController.swift */; };
		AF4F8179265BD5AB00D1E93A /* Main.storyboard in Resources */ = {isa = PBXBuildFile; fileRef = AF4F8177265BD5AB00D1E93A /* Main.storyboard */; };
		AF4F817B265BD5AC00D1E93A /* Assets.xcassets in Resources */ = {isa = PBXBuildFile; fileRef = AF4F817A265BD5AC00D1E93A /* Assets.xcassets */; };
		AF4F817E265BD5AC00D1E93A /* LaunchScreen.storyboard in Resources */ = {isa = PBXBuildFile; fileRef = AF4F817C265BD5AC00D1E93A /* LaunchScreen.storyboard */; };
		AF4F8186265BD79800D1E93A /* SecondPageVC.swift in Sources */ = {isa = PBXBuildFile; fileRef = AF4F8185265BD79800D1E93A /* SecondPageVC.swift */; };
/* End PBXBuildFile section */

/* Begin PBXFileReference section */
		AF4F816E265BD5AB00D1E93A /* PopupRememberChoice.app */ = {isa = PBXFileReference; explicitFileType = wrapper.application; includeInIndex = 0; path = PopupRememberChoice.app; sourceTree = BUILT_PRODUCTS_DIR; };
		AF4F8171265BD5AB00D1E93A /* AppDelegate.swift */ = {isa = PBXFileReference; lastKnownFileType = sourcecode.swift; path = AppDelegate.swift; sourceTree = "<group>"; };
		AF4F8173265BD5AB00D1E93A /* SceneDelegate.swift */ = {isa = PBXFileReference; lastKnownFileType = sourcecode.swift; path = SceneDelegate.swift; sourceTree = "<group>"; };
		AF4F8175265BD5AB00D1E93A /* ViewController.swift */ = {isa = PBXFileReference; lastKnownFileType = sourcecode.swift; path = ViewController.swift; sourceTree = "<group>"; };
		AF4F8178265BD5AB00D1E93A /* Base */ = {isa = PBXFileReference; lastKnownFileType = file.storyboard; name = Base; path = Base.lproj/Main.storyboard; sourceTree = "<group>"; };
		AF4F817A265BD5AC00D1E93A /* Assets.xcassets */ = {isa = PBXFileReference; lastKnownFileType = folder.assetcatalog; path = Assets.xcassets; sourceTree = "<group>"; };
		AF4F817D265BD5AC00D1E93A /* Base */ = {isa = PBXFileReference; lastKnownFileType = file.storyboard; name = Base; path = Base.lproj/LaunchScreen.storyboard; sourceTree = "<group>"; };
		AF4F817F265BD5AC00D1E93A /* Info.plist */ = {isa = PBXFileReference; lastKnownFileType = text.plist.xml; path = Info.plist; sourceTree = "<group>"; };
		AF4F8185265BD79800D1E93A /* SecondPageVC.swift */ = {isa = PBXFileReference; lastKnownFileType = sourcecode.swift; path = SecondPageVC.swift; sourceTree = "<group>"; };
/* End PBXFileReference section */

/* Begin PBXFrameworksBuildPhase section */
		AF4F816B265BD5AB00D1E93A /* Frameworks */ = {
			isa = PBXFrameworksBuildPhase;
			buildActionMask = 2147483647;
			files = (
			);
			runOnlyForDeploymentPostprocessing = 0;
		};
/* End PBXFrameworksBuildPhase section */

/* Begin PBXGroup section */
		AF4F8165265BD5AB00D1E93A = {
			isa = PBXGroup;
			children = (
				AF4F8170265BD5AB00D1E93A /* PopupRememberChoice */,
				AF4F816F265BD5AB00D1E93A /* Products */,
			);
			sourceTree = "<group>";
		};
		AF4F816F265BD5AB00D1E93A /* Products */ = {
			isa = PBXGroup;
			children = (
				AF4F816E265BD5AB00D1E93A /* PopupRememberChoice.app */,
			);
			name = Products;
			sourceTree = "<group>";
		};
		AF4F8170265BD5AB00D1E93A /* PopupRememberChoice */ = {
			isa = PBXGroup;
			children = (
				AF4F8171265BD5AB00D1E93A /* AppDelegate.swift */,
				AF4F8173265BD5AB00D1E93A /* SceneDelegate.swift */,
				AF4F8175265BD5AB00D1E93A /* ViewController.swift */,
				AF4F8177265BD5AB00D1E93A /* Main.storyboard */,
				AF4F817A265BD5AC00D1E93A /* Assets.xcassets */,
				AF4F817C265BD5AC00D1E93A /* LaunchScreen.storyboard */,
				AF4F817F265BD5AC00D1E93A /* Info.plist */,
				AF4F8185265BD79800D1E93A /* SecondPageVC.swift */,
			);
			path = PopupRememberChoice;
			sourceTree = "<group>";
		};
/* End PBXGroup section */

/* Begin PBXNativeTarget section */
		AF4F816D265BD5AB00D1E93A /* PopupRememberChoice */ = {
			isa = PBXNativeTarget;
			buildConfigurationList = AF4F8182265BD5AC00D1E93A /* Build configuration list for PBXNativeTarget "PopupRememberChoice" */;
			buildPhases = (
				AF4F816A265BD5AB00D1E93A /* Sources */,
				AF4F816B265BD5AB00D1E93A /* Frameworks */,
				AF4F816C265BD5AB00D1E93A /* Resources */,
			);
			buildRules = (
			);
			dependencies = (
			);
			name = PopupRememberChoice;
			productName = PopupRememberChoice;
			productReference = AF4F816E265BD5AB00D1E93A /* PopupRememberChoice.app */;
			productType = "com.apple.product-type.application";
		};
/* End PBXNativeTarget section */

/* Begin PBXProject section */
		AF4F8166265BD5AB00D1E93A /* Project object */ = {
			isa = PBXProject;
			attributes = {
				LastSwiftUpdateCheck = 1250;
				LastUpgradeCheck = 1250;
				TargetAttributes = {
					AF4F816D265BD5AB00D1E93A = {
						CreatedOnToolsVersion = 12.5;
					};
				};
			};
			buildConfigurationList = AF4F8169265BD5AB00D1E93A /* Build configuration list for PBXProject "PopupRememberChoice" */;
			compatibilityVersion = "Xcode 9.3";
			developmentRegion = en;
			hasScannedForEncodings = 0;
			knownRegions = (
				en,
				Base,
			);
			mainGroup = AF4F8165265BD5AB00D1E93A;
			productRefGroup = AF4F816F265BD5AB00D1E93A /* Products */;
			projectDirPath = "";
			projectRoot = "";
			targets = (
				AF4F816D265BD5AB00D1E93A /* PopupRememberChoice */,
			);
		};
/* End PBXProject section */

/* Begin PBXResourcesBuildPhase section */
		AF4F816C265BD5AB00D1E93A /* Resources */ = {
			isa = PBXResourcesBuildPhase;
			buildActionMask = 2147483647;
			files = (
				AF4F817E265BD5AC00D1E93A /* LaunchScreen.storyboard in Resources */,
				AF4F817B265BD5AC00D1E93A /* Assets.xcassets in Resources */,
				AF4F8179265BD5AB00D1E93A /* Main.storyboard in Resources */,
			);
			runOnlyForDeploymentPostprocessing = 0;
		};
/* End PBXResourcesBuildPhase section */

/* Begin PBXSourcesBuildPhase section */
		AF4F816A265BD5AB00D1E93A /* Sources */ = {
			isa = PBXSourcesBuildPhase;
			buildActionMask = 2147483647;
			files = (
				AF4F8176265BD5AB00D1E93A /* ViewController.swift in Sources */,
				AF4F8172265BD5AB00D1E93A /* AppDelegate.swift in Sources */,
				AF4F8174265BD5AB00D1E93A /* SceneDelegate.swift in Sources */,
				AF4F8186265BD79800D1E93A /* SecondPageVC.swift in Sources */,
			);
			runOnlyForDeploymentPostprocessing = 0;
		};
/* End PBXSourcesBuildPhase section */

/* Begin PBXVariantGroup section */
		AF4F8177265BD5AB00D1E93A /* Main.storyboard */ = {
			isa = PBXVariantGroup;
			children = (
				AF4F8178265BD5AB00D1E93A /* Base */,
			);
			name = Main.storyboard;
			sourceTree = "<group>";
		};
		AF4F817C265BD5AC00D1E93A /* LaunchScreen.storyboard */ = {
			isa = PBXVariantGroup;
			children = (
				AF4F817D265BD5AC00D1E93A /* Base */,
			);
			name = LaunchScreen.storyboard;
			sourceTree = "<group>";
		};
/* End PBXVariantGroup section */

/* Begin XCBuildConfiguration section */
		AF4F8180265BD5AC00D1E93A /* Debug */ = {
			isa = XCBuildConfiguration;
			buildSettings = {
				ALWAYS_SEARCH_USER_PATHS = NO;
				CLANG_ANALYZER_NONNULL = YES;
				CLANG_ANALYZER_NUMBER_OBJECT_CONVERSION = YES_AGGRESSIVE;
				CLANG_CXX_LANGUAGE_STANDARD = "gnu++14";
				CLANG_CXX_LIBRARY = "libc++";
				CLANG_ENABLE_MODULES = YES;
				CLANG_ENABLE_OBJC_ARC = YES;
				CLANG_ENABLE_OBJC_WEAK = YES;
				CLANG_WARN_BLOCK_CAPTURE_AUTORELEASING = YES;
				CLANG_WARN_BOOL_CONVERSION = YES;
				CLANG_WARN_COMMA = YES;
				CLANG_WARN_CONSTANT_CONVERSION = YES;
				CLANG_WARN_DEPRECATED_OBJC_IMPLEMENTATIONS = YES;
				CLANG_WARN_DIRECT_OBJC_ISA_USAGE = YES_ERROR;
				CLANG_WARN_DOCUMENTATION_COMMENTS = YES;
				CLANG_WARN_EMPTY_BODY = YES;
				CLANG_WARN_ENUM_CONVERSION = YES;
				CLANG_WARN_INFINITE_RECURSION = YES;
				CLANG_WARN_INT_CONVERSION = YES;
				CLANG_WARN_NON_LITERAL_NULL_CONVERSION = YES;
				CLANG_WARN_OBJC_IMPLICIT_RETAIN_SELF = YES;
				CLANG_WARN_OBJC_LITERAL_CONVERSION = YES;
				CLANG_WARN_OBJC_ROOT_CLASS = YES_ERROR;
				CLANG_WARN_QUOTED_INCLUDE_IN_FRAMEWORK_HEADER = YES;
				CLANG_WARN_RANGE_LOOP_ANALYSIS = YES;
				CLANG_WARN_STRICT_PROTOTYPES = YES;
				CLANG_WARN_SUSPICIOUS_MOVE = YES;
				CLANG_WARN_UNGUARDED_AVAILABILITY = YES_AGGRESSIVE;
				CLANG_WARN_UNREACHABLE_CODE = YES;
				CLANG_WARN__DUPLICATE_METHOD_MATCH = YES;
				COPY_PHASE_STRIP = NO;
				DEBUG_INFORMATION_FORMAT = dwarf;
				ENABLE_STRICT_OBJC_MSGSEND = YES;
				ENABLE_TESTABILITY = YES;
				GCC_C_LANGUAGE_STANDARD = gnu11;
				GCC_DYNAMIC_NO_PIC = NO;
				GCC_NO_COMMON_BLOCKS = YES;
				GCC_OPTIMIZATION_LEVEL = 0;
				GCC_PREPROCESSOR_DEFINITIONS = (
					"DEBUG=1",
					"$(inherited)",
				);
				GCC_WARN_64_TO_32_BIT_CONVERSION = YES;
				GCC_WARN_ABOUT_RETURN_TYPE = YES_ERROR;
				GCC_WARN_UNDECLARED_SELECTOR = YES;
				GCC_WARN_UNINITIALIZED_AUTOS = YES_AGGRESSIVE;
				GCC_WARN_UNUSED_FUNCTION = YES;
				GCC_WARN_UNUSED_VARIABLE = YES;
				IPHONEOS_DEPLOYMENT_TARGET = 14.5;
				MTL_ENABLE_DEBUG_INFO = INCLUDE_SOURCE;
				MTL_FAST_MATH = YES;
				ONLY_ACTIVE_ARCH = YES;
				SDKROOT = iphoneos;
				SWIFT_ACTIVE_COMPILATION_CONDITIONS = DEBUG;
				SWIFT_OPTIMIZATION_LEVEL = "-Onone";
			};
			name = Debug;
		};
		AF4F8181265BD5AC00D1E93A /* Release */ = {
			isa = XCBuildConfiguration;
			buildSettings = {
				ALWAYS_SEARCH_USER_PATHS = NO;
				CLANG_ANALYZER_NONNULL = YES;
				CLANG_ANALYZER_NUMBER_OBJECT_CONVERSION = YES_AGGRESSIVE;
				CLANG_CXX_LANGUAGE_STANDARD = "gnu++14";
				CLANG_CXX_LIBRARY = "libc++";
				CLANG_ENABLE_MODULES = YES;
				CLANG_ENABLE_OBJC_ARC = YES;
				CLANG_ENABLE_OBJC_WEAK = YES;
				CLANG_WARN_BLOCK_CAPTURE_AUTORELEASING = YES;
				CLANG_WARN_BOOL_CONVERSION = YES;
				CLANG_WARN_COMMA = YES;
				CLANG_WARN_CONSTANT_CONVERSION = YES;
				CLANG_WARN_DEPRECATED_OBJC_IMPLEMENTATIONS = YES;
				CLANG_WARN_DIRECT_OBJC_ISA_USAGE = YES_ERROR;
				CLANG_WARN_DOCUMENTATION_COMMENTS = YES;
				CLANG_WARN_EMPTY_BODY = YES;
				CLANG_WARN_ENUM_CONVERSION = YES;
				CLANG_WARN_INFINITE_RECURSION = YES;
				CLANG_WARN_INT_CONVERSION = YES;
				CLANG_WARN_NON_LITERAL_NULL_CONVERSION = YES;
				CLANG_WARN_OBJC_IMPLICIT_RETAIN_SELF = YES;
				CLANG_WARN_OBJC_LITERAL_CONVERSION = YES;
				CLANG_WARN_OBJC_ROOT_CLASS = YES_ERROR;
				CLANG_WARN_QUOTED_INCLUDE_IN_FRAMEWORK_HEADER = YES;
				CLANG_WARN_RANGE_LOOP_ANALYSIS = YES;
				CLANG_WARN_STRICT_PROTOTYPES = YES;
				CLANG_WARN_SUSPICIOUS_MOVE = YES;
				CLANG_WARN_UNGUARDED_AVAILABILITY = YES_AGGRESSIVE;
				CLANG_WARN_UNREACHABLE_CODE = YES;
				CLANG_WARN__DUPLICATE_METHOD_MATCH = YES;
				COPY_PHASE_STRIP = NO;
				DEBUG_INFORMATION_FORMAT = "dwarf-with-dsym";
				ENABLE_NS_ASSERTIONS = NO;
				ENABLE_STRICT_OBJC_MSGSEND = YES;
				GCC_C_LANGUAGE_STANDARD = gnu11;
				GCC_NO_COMMON_BLOCKS = YES;
				GCC_WARN_64_TO_32_BIT_CONVERSION = YES;
				GCC_WARN_ABOUT_RETURN_TYPE = YES_ERROR;
				GCC_WARN_UNDECLARED_SELECTOR = YES;
				GCC_WARN_UNINITIALIZED_AUTOS = YES_AGGRESSIVE;
				GCC_WARN_UNUSED_FUNCTION = YES;
				GCC_WARN_UNUSED_VARIABLE = YES;
				IPHONEOS_DEPLOYMENT_TARGET = 14.5;
				MTL_ENABLE_DEBUG_INFO = NO;
				MTL_FAST_MATH = YES;
				SDKROOT = iphoneos;
				SWIFT_COMPILATION_MODE = wholemodule;
				SWIFT_OPTIMIZATION_LEVEL = "-O";
				VALIDATE_PRODUCT = YES;
			};
			name = Release;
		};
		AF4F8183265BD5AC00D1E93A /* Debug */ = {
			isa = XCBuildConfiguration;
			buildSettings = {
				ASSETCATALOG_COMPILER_APPICON_NAME = AppIcon;
				ASSETCATALOG_COMPILER_GLOBAL_ACCENT_COLOR_NAME = AccentColor;
				CODE_SIGN_STYLE = Automatic;
				DEVELOPMENT_TEAM = 824DK8RH6J;
				INFOPLIST_FILE = PopupRememberChoice/Info.plist;
				LD_RUNPATH_SEARCH_PATHS = (
					"$(inherited)",
					"@executable_path/Frameworks",
				);
				PRODUCT_BUNDLE_IDENTIFIER = ayhanunal.PopupRememberChoice;
				PRODUCT_NAME = "$(TARGET_NAME)";
				SWIFT_VERSION = 5.0;
				TARGETED_DEVICE_FAMILY = "1,2";
			};
			name = Debug;
		};
		AF4F8184265BD5AC00D1E93A /* Release */ = {
			isa = XCBuildConfiguration;
			buildSettings = {
				ASSETCATALOG_COMPILER_APPICON_NAME = AppIcon;
				ASSETCATALOG_COMPILER_GLOBAL_ACCENT_COLOR_NAME = AccentColor;
				CODE_SIGN_STYLE = Automatic;
				DEVELOPMENT_TEAM = 824DK8RH6J;
				INFOPLIST_FILE = PopupRememberChoice/Info.plist;
				LD_RUNPATH_SEARCH_PATHS = (
					"$(inherited)",
					"@executable_path/Frameworks",
				);
				PRODUCT_BUNDLE_IDENTIFIER = ayhanunal.PopupRememberChoice;
				PRODUCT_NAME = "$(TARGET_NAME)";
				SWIFT_VERSION = 5.0;
				TARGETED_DEVICE_FAMILY = "1,2";
			};
			name = Release;
		};
/* End XCBuildConfiguration section */

/* Begin XCConfigurationList section */
		AF4F8169265BD5AB00D1E93A /* Build configuration list for PBXProject "PopupRememberChoice" */ = {
			isa = XCConfigurationList;
			buildConfigurations = (
				AF4F8180265BD5AC00D1E93A /* Debug */,
				AF4F8181265BD5AC00D1E93A /* Release */,
			);
			defaultConfigurationIsVisible = 0;
			defaultConfigurationName = Release;
		};
		AF4F8182265BD5AC00D1E93A /* Build configuration list for PBXNativeTarget "PopupRememberChoice" */ = {
			isa = XCConfigurationList;
			buildConfigurations = (
				AF4F8183265BD5AC00D1E93A /* Debug */,
				AF4F8184265BD5AC00D1E93A /* Release */,
			);
			defaultConfigurationIsVisible = 0;
			defaultConfigurationName = Release;
		};
/* End XCConfigurationList section */
	};
	rootObject = AF4F8166265BD5AB00D1E93A /* Project object */;
}
